
Microsoft Visual Studio Solution File, Format Version 12.00
# Visual Studio Version 17
VisualStudioVersion = 17.10.35122.118
MinimumVisualStudioVersion = 10.0.40219.1
Project("{FAE04EC0-301F-11D3-BF4B-00C04F79EFBC}") = "TheFirstTask", "TheFirstTask\TheFirstTask.csproj", "{8C5277F3-0E60-45B9-92F0-FD5D98C8826D}"
EndProject
Global
	GlobalSection(SolutionConfigurationPlatforms) = preSolution
		Debug|Any CPU = Debug|Any CPU
		Release|Any CPU = Release|Any CPU
	EndGlobalSection
	GlobalSection(ProjectConfigurationPlatforms) = postSolution
		{8C5277F3-0E60-45B9-92F0-FD5D98C8826D}.Debug|Any CPU.ActiveCfg = Debug|Any CPU
		{8C5277F3-0E60-45B9-92F0-FD5D98C8826D}.Debug|Any CPU.Build.0 = Debug|Any CPU
		{8C5277F3-0E60-45B9-92F0-FD5D98C8826D}.Release|Any CPU.ActiveCfg = Release|Any CPU
		{8C5277F3-0E60-45B9-92F0-FD5D98C8826D}.Release|Any CPU.Build.0 = Release|Any CPU
	EndGlobalSection
	GlobalSection(SolutionProperties) = preSolution
		HideSolutionNode = FALSE
	EndGlobalSection
	GlobalSection(ExtensibilityGlobals) = postSolution
		SolutionGuid = {948A1D11-8823-4989-926C-AA0FA01B5F81}
	EndGlobalSection
EndGlobal
